
Microsoft Visual Studio Solution File, Format Version 12.00
# Visual Studio Version 16
VisualStudioVersion = 16.0.29123.88
MinimumVisualStudioVersion = 10.0.40219.1
Project("{888888A0-9F3D-457C-B088-3A5042F75D52}") = "Gurux.Serial.Python", "Gurux.Serial.Python.pyproj", "{AB7F2B01-BEFD-4F68-8BDC-36D2475FCD62}"
EndProject
Global
	GlobalSection(SolutionConfigurationPlatforms) = preSolution
		Debug|Any CPU = Debug|Any CPU
		Release|Any CPU = Release|Any CPU
	EndGlobalSection
	GlobalSection(ProjectConfigurationPlatforms) = postSolution
		{AB7F2B01-BEFD-4F68-8BDC-36D2475FCD62}.Debug|Any CPU.ActiveCfg = Debug|Any CPU
		{AB7F2B01-BEFD-4F68-8BDC-36D2475FCD62}.Release|Any CPU.ActiveCfg = Release|Any CPU
	EndGlobalSection
	GlobalSection(SolutionProperties) = preSolution
		HideSolutionNode = FALSE
	EndGlobalSection
	GlobalSection(ExtensibilityGlobals) = postSolution
		SolutionGuid = {C822C419-624C-4957-8481-03D32DEDE3B5}
	EndGlobalSection
EndGlobal
